// !$*UTF8*$!
{
	archiveVersion = 1;
	classes = {
	};
	objectVersion = 56;
	objects = {

/* Begin PBXBuildFile section */
		021BAF9C2930CF2000231174 /* BudgetInHandApp.swift in Sources */ = {isa = PBXBuildFile; fileRef = 021BAF9B2930CF2000231174 /* BudgetInHandApp.swift */; };
		021BAF9E2930CF2000231174 /* ContentView.swift in Sources */ = {isa = PBXBuildFile; fileRef = 021BAF9D2930CF2000231174 /* ContentView.swift */; };
		021BAFA02930CF2100231174 /* Assets.xcassets in Resources */ = {isa = PBXBuildFile; fileRef = 021BAF9F2930CF2100231174 /* Assets.xcassets */; };
		021BAFA32930CF2100231174 /* Preview Assets.xcassets in Resources */ = {isa = PBXBuildFile; fileRef = 021BAFA22930CF2100231174 /* Preview Assets.xcassets */; };
		021BAFA52930CF2100231174 /* Persistence.swift in Sources */ = {isa = PBXBuildFile; fileRef = 021BAFA42930CF2100231174 /* Persistence.swift */; };
		021BAFA82930CF2100231174 /* BudgetInHand.xcdatamodeld in Sources */ = {isa = PBXBuildFile; fileRef = 021BAFA62930CF2100231174 /* BudgetInHand.xcdatamodeld */; };
		021BAFB02930D15E00231174 /* .gitignore in Resources */ = {isa = PBXBuildFile; fileRef = 021BAFAF2930D15E00231174 /* .gitignore */; };
/* End PBXBuildFile section */

/* Begin PBXFileReference section */
		021BAF982930CF2000231174 /* BudgetInHand.app */ = {isa = PBXFileReference; explicitFileType = wrapper.application; includeInIndex = 0; path = BudgetInHand.app; sourceTree = BUILT_PRODUCTS_DIR; };
		021BAF9B2930CF2000231174 /* BudgetInHandApp.swift */ = {isa = PBXFileReference; lastKnownFileType = sourcecode.swift; path = BudgetInHandApp.swift; sourceTree = "<group>"; };
		021BAF9D2930CF2000231174 /* ContentView.swift */ = {isa = PBXFileReference; lastKnownFileType = sourcecode.swift; path = ContentView.swift; sourceTree = "<group>"; };
		021BAF9F2930CF2100231174 /* Assets.xcassets */ = {isa = PBXFileReference; lastKnownFileType = folder.assetcatalog; path = Assets.xcassets; sourceTree = "<group>"; };
		021BAFA22930CF2100231174 /* Preview Assets.xcassets */ = {isa = PBXFileReference; lastKnownFileType = folder.assetcatalog; path = "Preview Assets.xcassets"; sourceTree = "<group>"; };
		021BAFA42930CF2100231174 /* Persistence.swift */ = {isa = PBXFileReference; lastKnownFileType = sourcecode.swift; path = Persistence.swift; sourceTree = "<group>"; };
		021BAFA72930CF2100231174 /* BudgetInHand.xcdatamodel */ = {isa = PBXFileReference; lastKnownFileType = wrapper.xcdatamodel; path = BudgetInHand.xcdatamodel; sourceTree = "<group>"; };
		021BAFA92930CF2100231174 /* Info.plist */ = {isa = PBXFileReference; lastKnownFileType = text.plist.xml; path = Info.plist; sourceTree = "<group>"; };
		021BAFAF2930D15E00231174 /* .gitignore */ = {isa = PBXFileReference; lastKnownFileType = text; path = .gitignore; sourceTree = "<group>"; };
/* End PBXFileReference section */

/* Begin PBXFrameworksBuildPhase section */
		021BAF952930CF2000231174 /* Frameworks */ = {
			isa = PBXFrameworksBuildPhase;
			buildActionMask = 2147483647;
			files = (
			);
			runOnlyForDeploymentPostprocessing = 0;
		};
/* End PBXFrameworksBuildPhase section */

/* Begin PBXGroup section */
		021BAF8F2930CF2000231174 = {
			isa = PBXGroup;
			children = (
				021BAF9A2930CF2000231174 /* BudgetInHand */,
				021BAF992930CF2000231174 /* Products */,
			);
			sourceTree = "<group>";
		};
		021BAF992930CF2000231174 /* Products */ = {
			isa = PBXGroup;
			children = (
				021BAF982930CF2000231174 /* BudgetInHand.app */,
			);
			name = Products;
			sourceTree = "<group>";
		};
		021BAF9A2930CF2000231174 /* BudgetInHand */ = {
			isa = PBXGroup;
			children = (
				021BAFB42930EB5700231174 /* View */,
				021BAFB32930EB4900231174 /* Network */,
				021BAFB22930EB1B00231174 /* Model */,
				021BAFB12930EB0700231174 /* ViewModels */,
				021BAF9B2930CF2000231174 /* BudgetInHandApp.swift */,
				021BAF9D2930CF2000231174 /* ContentView.swift */,
				021BAF9F2930CF2100231174 /* Assets.xcassets */,
				021BAFA42930CF2100231174 /* Persistence.swift */,
				021BAFA92930CF2100231174 /* Info.plist */,
				021BAFA62930CF2100231174 /* BudgetInHand.xcdatamodeld */,
				021BAFA12930CF2100231174 /* Preview Content */,
				021BAFAF2930D15E00231174 /* .gitignore */,
			);
			path = BudgetInHand;
			sourceTree = "<group>";
		};
		021BAFA12930CF2100231174 /* Preview Content */ = {
			isa = PBXGroup;
			children = (
				021BAFA22930CF2100231174 /* Preview Assets.xcassets */,
			);
			path = "Preview Content";
			sourceTree = "<group>";
		};
		021BAFB12930EB0700231174 /* ViewModels */ = {
			isa = PBXGroup;
			children = (
			);
			path = ViewModels;
			sourceTree = "<group>";
		};
		021BAFB22930EB1B00231174 /* Model */ = {
			isa = PBXGroup;
			children = (
			);
			path = Model;
			sourceTree = "<group>";
		};
		021BAFB32930EB4900231174 /* Network */ = {
			isa = PBXGroup;
			children = (
			);
			path = Network;
			sourceTree = "<group>";
		};
		021BAFB42930EB5700231174 /* View */ = {
			isa = PBXGroup;
			children = (
				021BAFB92930EBBE00231174 /* NewExpense */,
				021BAFB82930EBA300231174 /* Profile */,
				021BAFB72930EB9B00231174 /* Settings */,
				021BAFB62930EB9300231174 /* Login */,
				021BAFB52930EB8800231174 /* Home */,
			);
			path = View;
			sourceTree = "<group>";
		};
		021BAFB52930EB8800231174 /* Home */ = {
			isa = PBXGroup;
			children = (
			);
			path = Home;
			sourceTree = "<group>";
		};
		021BAFB62930EB9300231174 /* Login */ = {
			isa = PBXGroup;
			children = (
			);
			path = Login;
			sourceTree = "<group>";
		};
		021BAFB72930EB9B00231174 /* Settings */ = {
			isa = PBXGroup;
			children = (
			);
			path = Settings;
			sourceTree = "<group>";
		};
		021BAFB82930EBA300231174 /* Profile */ = {
			isa = PBXGroup;
			children = (
			);
			path = Profile;
			sourceTree = "<group>";
		};
		021BAFB92930EBBE00231174 /* NewExpense */ = {
			isa = PBXGroup;
			children = (
			);
			path = NewExpense;
			sourceTree = "<group>";
		};
/* End PBXGroup section */

/* Begin PBXNativeTarget section */
		021BAF972930CF2000231174 /* BudgetInHand */ = {
			isa = PBXNativeTarget;
			buildConfigurationList = 021BAFAC2930CF2100231174 /* Build configuration list for PBXNativeTarget "BudgetInHand" */;
			buildPhases = (
				021BAF942930CF2000231174 /* Sources */,
				021BAF952930CF2000231174 /* Frameworks */,
				021BAF962930CF2000231174 /* Resources */,
			);
			buildRules = (
			);
			dependencies = (
			);
			name = BudgetInHand;
			productName = BudgetInHand;
			productReference = 021BAF982930CF2000231174 /* BudgetInHand.app */;
			productType = "com.apple.product-type.application";
		};
/* End PBXNativeTarget section */

/* Begin PBXProject section */
		021BAF902930CF2000231174 /* Project object */ = {
			isa = PBXProject;
			attributes = {
				BuildIndependentTargetsInParallel = 1;
				LastSwiftUpdateCheck = 1410;
				LastUpgradeCheck = 1410;
				TargetAttributes = {
					021BAF972930CF2000231174 = {
						CreatedOnToolsVersion = 14.1;
					};
				};
			};
			buildConfigurationList = 021BAF932930CF2000231174 /* Build configuration list for PBXProject "BudgetInHand" */;
			compatibilityVersion = "Xcode 14.0";
			developmentRegion = en;
			hasScannedForEncodings = 0;
			knownRegions = (
				en,
				Base,
			);
			mainGroup = 021BAF8F2930CF2000231174;
			productRefGroup = 021BAF992930CF2000231174 /* Products */;
			projectDirPath = "";
			projectRoot = "";
			targets = (
				021BAF972930CF2000231174 /* BudgetInHand */,
			);
		};
/* End PBXProject section */

/* Begin PBXResourcesBuildPhase section */
		021BAF962930CF2000231174 /* Resources */ = {
			isa = PBXResourcesBuildPhase;
			buildActionMask = 2147483647;
			files = (
				021BAFA32930CF2100231174 /* Preview Assets.xcassets in Resources */,
				021BAFB02930D15E00231174 /* .gitignore in Resources */,
				021BAFA02930CF2100231174 /* Assets.xcassets in Resources */,
			);
			runOnlyForDeploymentPostprocessing = 0;
		};
/* End PBXResourcesBuildPhase section */

/* Begin PBXSourcesBuildPhase section */
		021BAF942930CF2000231174 /* Sources */ = {
			isa = PBXSourcesBuildPhase;
			buildActionMask = 2147483647;
			files = (
				021BAFA52930CF2100231174 /* Persistence.swift in Sources */,
				021BAF9E2930CF2000231174 /* ContentView.swift in Sources */,
				021BAFA82930CF2100231174 /* BudgetInHand.xcdatamodeld in Sources */,
				021BAF9C2930CF2000231174 /* BudgetInHandApp.swift in Sources */,
			);
			runOnlyForDeploymentPostprocessing = 0;
		};
/* End PBXSourcesBuildPhase section */

/* Begin XCBuildConfiguration section */
		021BAFAA2930CF2100231174 /* Debug */ = {
			isa = XCBuildConfiguration;
			buildSettings = {
				ALWAYS_SEARCH_USER_PATHS = NO;
				CLANG_ANALYZER_NONNULL = YES;
				CLANG_ANALYZER_NUMBER_OBJECT_CONVERSION = YES_AGGRESSIVE;
				CLANG_CXX_LANGUAGE_STANDARD = "gnu++20";
				CLANG_ENABLE_MODULES = YES;
				CLANG_ENABLE_OBJC_ARC = YES;
				CLANG_ENABLE_OBJC_WEAK = YES;
				CLANG_WARN_BLOCK_CAPTURE_AUTORELEASING = YES;
				CLANG_WARN_BOOL_CONVERSION = YES;
				CLANG_WARN_COMMA = YES;
				CLANG_WARN_CONSTANT_CONVERSION = YES;
				CLANG_WARN_DEPRECATED_OBJC_IMPLEMENTATIONS = YES;
				CLANG_WARN_DIRECT_OBJC_ISA_USAGE = YES_ERROR;
				CLANG_WARN_DOCUMENTATION_COMMENTS = YES;
				CLANG_WARN_EMPTY_BODY = YES;
				CLANG_WARN_ENUM_CONVERSION = YES;
				CLANG_WARN_INFINITE_RECURSION = YES;
				CLANG_WARN_INT_CONVERSION = YES;
				CLANG_WARN_NON_LITERAL_NULL_CONVERSION = YES;
				CLANG_WARN_OBJC_IMPLICIT_RETAIN_SELF = YES;
				CLANG_WARN_OBJC_LITERAL_CONVERSION = YES;
				CLANG_WARN_OBJC_ROOT_CLASS = YES_ERROR;
				CLANG_WARN_QUOTED_INCLUDE_IN_FRAMEWORK_HEADER = YES;
				CLANG_WARN_RANGE_LOOP_ANALYSIS = YES;
				CLANG_WARN_STRICT_PROTOTYPES = YES;
				CLANG_WARN_SUSPICIOUS_MOVE = YES;
				CLANG_WARN_UNGUARDED_AVAILABILITY = YES_AGGRESSIVE;
				CLANG_WARN_UNREACHABLE_CODE = YES;
				CLANG_WARN__DUPLICATE_METHOD_MATCH = YES;
				COPY_PHASE_STRIP = NO;
				DEBUG_INFORMATION_FORMAT = dwarf;
				ENABLE_STRICT_OBJC_MSGSEND = YES;
				ENABLE_TESTABILITY = YES;
				GCC_C_LANGUAGE_STANDARD = gnu11;
				GCC_DYNAMIC_NO_PIC = NO;
				GCC_NO_COMMON_BLOCKS = YES;
				GCC_OPTIMIZATION_LEVEL = 0;
				GCC_PREPROCESSOR_DEFINITIONS = (
					"DEBUG=1",
					"$(inherited)",
				);
				GCC_WARN_64_TO_32_BIT_CONVERSION = YES;
				GCC_WARN_ABOUT_RETURN_TYPE = YES_ERROR;
				GCC_WARN_UNDECLARED_SELECTOR = YES;
				GCC_WARN_UNINITIALIZED_AUTOS = YES_AGGRESSIVE;
				GCC_WARN_UNUSED_FUNCTION = YES;
				GCC_WARN_UNUSED_VARIABLE = YES;
				IPHONEOS_DEPLOYMENT_TARGET = 16.1;
				MTL_ENABLE_DEBUG_INFO = INCLUDE_SOURCE;
				MTL_FAST_MATH = YES;
				ONLY_ACTIVE_ARCH = YES;
				SDKROOT = iphoneos;
				SWIFT_ACTIVE_COMPILATION_CONDITIONS = DEBUG;
				SWIFT_OPTIMIZATION_LEVEL = "-Onone";
			};
			name = Debug;
		};
		021BAFAB2930CF2100231174 /* Release */ = {
			isa = XCBuildConfiguration;
			buildSettings = {
				ALWAYS_SEARCH_USER_PATHS = NO;
				CLANG_ANALYZER_NONNULL = YES;
				CLANG_ANALYZER_NUMBER_OBJECT_CONVERSION = YES_AGGRESSIVE;
				CLANG_CXX_LANGUAGE_STANDARD = "gnu++20";
				CLANG_ENABLE_MODULES = YES;
				CLANG_ENABLE_OBJC_ARC = YES;
				CLANG_ENABLE_OBJC_WEAK = YES;
				CLANG_WARN_BLOCK_CAPTURE_AUTORELEASING = YES;
				CLANG_WARN_BOOL_CONVERSION = YES;
				CLANG_WARN_COMMA = YES;
				CLANG_WARN_CONSTANT_CONVERSION = YES;
				CLANG_WARN_DEPRECATED_OBJC_IMPLEMENTATIONS = YES;
				CLANG_WARN_DIRECT_OBJC_ISA_USAGE = YES_ERROR;
				CLANG_WARN_DOCUMENTATION_COMMENTS = YES;
				CLANG_WARN_EMPTY_BODY = YES;
				CLANG_WARN_ENUM_CONVERSION = YES;
				CLANG_WARN_INFINITE_RECURSION = YES;
				CLANG_WARN_INT_CONVERSION = YES;
				CLANG_WARN_NON_LITERAL_NULL_CONVERSION = YES;
				CLANG_WARN_OBJC_IMPLICIT_RETAIN_SELF = YES;
				CLANG_WARN_OBJC_LITERAL_CONVERSION = YES;
				CLANG_WARN_OBJC_ROOT_CLASS = YES_ERROR;
				CLANG_WARN_QUOTED_INCLUDE_IN_FRAMEWORK_HEADER = YES;
				CLANG_WARN_RANGE_LOOP_ANALYSIS = YES;
				CLANG_WARN_STRICT_PROTOTYPES = YES;
				CLANG_WARN_SUSPICIOUS_MOVE = YES;
				CLANG_WARN_UNGUARDED_AVAILABILITY = YES_AGGRESSIVE;
				CLANG_WARN_UNREACHABLE_CODE = YES;
				CLANG_WARN__DUPLICATE_METHOD_MATCH = YES;
				COPY_PHASE_STRIP = NO;
				DEBUG_INFORMATION_FORMAT = "dwarf-with-dsym";
				ENABLE_NS_ASSERTIONS = NO;
				ENABLE_STRICT_OBJC_MSGSEND = YES;
				GCC_C_LANGUAGE_STANDARD = gnu11;
				GCC_NO_COMMON_BLOCKS = YES;
				GCC_WARN_64_TO_32_BIT_CONVERSION = YES;
				GCC_WARN_ABOUT_RETURN_TYPE = YES_ERROR;
				GCC_WARN_UNDECLARED_SELECTOR = YES;
				GCC_WARN_UNINITIALIZED_AUTOS = YES_AGGRESSIVE;
				GCC_WARN_UNUSED_FUNCTION = YES;
				GCC_WARN_UNUSED_VARIABLE = YES;
				IPHONEOS_DEPLOYMENT_TARGET = 16.1;
				MTL_ENABLE_DEBUG_INFO = NO;
				MTL_FAST_MATH = YES;
				SDKROOT = iphoneos;
				SWIFT_COMPILATION_MODE = wholemodule;
				SWIFT_OPTIMIZATION_LEVEL = "-O";
				VALIDATE_PRODUCT = YES;
			};
			name = Release;
		};
		021BAFAD2930CF2100231174 /* Debug */ = {
			isa = XCBuildConfiguration;
			buildSettings = {
				ASSETCATALOG_COMPILER_APPICON_NAME = AppIcon;
				ASSETCATALOG_COMPILER_GLOBAL_ACCENT_COLOR_NAME = AccentColor;
				CODE_SIGN_STYLE = Automatic;
				CURRENT_PROJECT_VERSION = 1;
				DEVELOPMENT_ASSET_PATHS = "\"BudgetInHand/Preview Content\"";
				DEVELOPMENT_TEAM = UQND3C5G35;
				ENABLE_PREVIEWS = YES;
				GENERATE_INFOPLIST_FILE = YES;
				INFOPLIST_KEY_UIApplicationSceneManifest_Generation = YES;
				INFOPLIST_KEY_UIApplicationSupportsIndirectInputEvents = YES;
				INFOPLIST_KEY_UILaunchScreen_Generation = YES;
				INFOPLIST_KEY_UISupportedInterfaceOrientations_iPad = "UIInterfaceOrientationPortrait UIInterfaceOrientationPortraitUpsideDown UIInterfaceOrientationLandscapeLeft UIInterfaceOrientationLandscapeRight";
				INFOPLIST_KEY_UISupportedInterfaceOrientations_iPhone = "UIInterfaceOrientationPortrait UIInterfaceOrientationLandscapeLeft UIInterfaceOrientationLandscapeRight";
				LD_RUNPATH_SEARCH_PATHS = (
					"$(inherited)",
					"@executable_path/Frameworks",
				);
				MARKETING_VERSION = 1.0;
				PRODUCT_BUNDLE_IDENTIFIER = com.technifutur.cedric.BudgetInHand;
				PRODUCT_NAME = "$(TARGET_NAME)";
				SWIFT_EMIT_LOC_STRINGS = YES;
				SWIFT_VERSION = 5.0;
				TARGETED_DEVICE_FAMILY = "1,2";
			};
			name = Debug;
		};
		021BAFAE2930CF2100231174 /* Release */ = {
			isa = XCBuildConfiguration;
			buildSettings = {
				ASSETCATALOG_COMPILER_APPICON_NAME = AppIcon;
				ASSETCATALOG_COMPILER_GLOBAL_ACCENT_COLOR_NAME = AccentColor;
				CODE_SIGN_STYLE = Automatic;
				CURRENT_PROJECT_VERSION = 1;
				DEVELOPMENT_ASSET_PATHS = "\"BudgetInHand/Preview Content\"";
				DEVELOPMENT_TEAM = UQND3C5G35;
				ENABLE_PREVIEWS = YES;
				GENERATE_INFOPLIST_FILE = YES;
				INFOPLIST_KEY_UIApplicationSceneManifest_Generation = YES;
				INFOPLIST_KEY_UIApplicationSupportsIndirectInputEvents = YES;
				INFOPLIST_KEY_UILaunchScreen_Generation = YES;
				INFOPLIST_KEY_UISupportedInterfaceOrientations_iPad = "UIInterfaceOrientationPortrait UIInterfaceOrientationPortraitUpsideDown UIInterfaceOrientationLandscapeLeft UIInterfaceOrientationLandscapeRight";
				INFOPLIST_KEY_UISupportedInterfaceOrientations_iPhone = "UIInterfaceOrientationPortrait UIInterfaceOrientationLandscapeLeft UIInterfaceOrientationLandscapeRight";
				LD_RUNPATH_SEARCH_PATHS = (
					"$(inherited)",
					"@executable_path/Frameworks",
				);
				MARKETING_VERSION = 1.0;
				PRODUCT_BUNDLE_IDENTIFIER = com.technifutur.cedric.BudgetInHand;
				PRODUCT_NAME = "$(TARGET_NAME)";
				SWIFT_EMIT_LOC_STRINGS = YES;
				SWIFT_VERSION = 5.0;
				TARGETED_DEVICE_FAMILY = "1,2";
			};
			name = Release;
		};
/* End XCBuildConfiguration section */

/* Begin XCConfigurationList section */
		021BAF932930CF2000231174 /* Build configuration list for PBXProject "BudgetInHand" */ = {
			isa = XCConfigurationList;
			buildConfigurations = (
				021BAFAA2930CF2100231174 /* Debug */,
				021BAFAB2930CF2100231174 /* Release */,
			);
			defaultConfigurationIsVisible = 0;
			defaultConfigurationName = Release;
		};
		021BAFAC2930CF2100231174 /* Build configuration list for PBXNativeTarget "BudgetInHand" */ = {
			isa = XCConfigurationList;
			buildConfigurations = (
				021BAFAD2930CF2100231174 /* Debug */,
				021BAFAE2930CF2100231174 /* Release */,
			);
			defaultConfigurationIsVisible = 0;
			defaultConfigurationName = Release;
		};
/* End XCConfigurationList section */

/* Begin XCVersionGroup section */
		021BAFA62930CF2100231174 /* BudgetInHand.xcdatamodeld */ = {
			isa = XCVersionGroup;
			children = (
				021BAFA72930CF2100231174 /* BudgetInHand.xcdatamodel */,
			);
			currentVersion = 021BAFA72930CF2100231174 /* BudgetInHand.xcdatamodel */;
			path = BudgetInHand.xcdatamodeld;
			sourceTree = "<group>";
			versionGroupType = wrapper.xcdatamodel;
		};
/* End XCVersionGroup section */
	};
	rootObject = 021BAF902930CF2000231174 /* Project object */;
}
